{
  "name": "my-aws-node-rest-api-app",
  "lockfileVersion": 2,
  "requires": true,
  "packages": {
    "": {
      "dependencies": {
        "oso": "^0.20.0-beta"
      }
    },
    "node_modules/oso": {
      "version": "0.20.0-beta",
      "resolved": "https://registry.npmjs.org/oso/-/oso-0.20.0-beta.tgz",
      "integrity": "sha512-EWt/QJ4oAWiL19qw+CveiFOxT0rsMFCC80621lNHVKSCyElrT7uPBzytlqnPSDq2M//9ZfWb8mxuVnKwy7gcvQ==",
      "bin": {
        "oso": "bin/repl.js"
      },
      "engines": {
        "node": ">=10",
        "npm": ">=6.4.1"
      }
    }
  },
  "dependencies": {
    "oso": {
      "version": "0.20.0-beta",
      "resolved": "https://registry.npmjs.org/oso/-/oso-0.20.0-beta.tgz",
      "integrity": "sha512-EWt/QJ4oAWiL19qw+CveiFOxT0rsMFCC80621lNHVKSCyElrT7uPBzytlqnPSDq2M//9ZfWb8mxuVnKwy7gcvQ=="
    }
  }
}
